
Microsoft Visual Studio Solution File, Format Version 12.00
# Visual Studio Version 16
VisualStudioVersion = 16.0.31729.503
MinimumVisualStudioVersion = 10.0.40219.1
Project("{FAE04EC0-301F-11D3-BF4B-00C04F79EFBC}") = "Cloth_app_mitkow_anton_ekz", "Cloth_app_mitkow_anton_ekz\Cloth_app_mitkow_anton_ekz.csproj", "{1F6229BC-1301-4027-94D0-051BC2D746CB}"
EndProject
Project("{9A19103F-16F7-4668-BE54-9A1E7A4F7556}") = "SF2022User7Lib", "SF2022User7Lib\SF2022User7Lib.csproj", "{9D634FE7-4179-4401-ADE6-8F0B7EED0375}"
EndProject
Project("{FAE04EC0-301F-11D3-BF4B-00C04F79EFBC}") = "ClassLibrary1", "ClassLibrary1\ClassLibrary1.csproj", "{5A104457-1644-4E8F-AE3F-30C3E87B1BFD}"
EndProject
Global
	GlobalSection(SolutionConfigurationPlatforms) = preSolution
		Debug|Any CPU = Debug|Any CPU
		Release|Any CPU = Release|Any CPU
	EndGlobalSection
	GlobalSection(ProjectConfigurationPlatforms) = postSolution
		{1F6229BC-1301-4027-94D0-051BC2D746CB}.Debug|Any CPU.ActiveCfg = Debug|Any CPU
		{1F6229BC-1301-4027-94D0-051BC2D746CB}.Debug|Any CPU.Build.0 = Debug|Any CPU
		{1F6229BC-1301-4027-94D0-051BC2D746CB}.Release|Any CPU.ActiveCfg = Release|Any CPU
		{1F6229BC-1301-4027-94D0-051BC2D746CB}.Release|Any CPU.Build.0 = Release|Any CPU
		{9D634FE7-4179-4401-ADE6-8F0B7EED0375}.Debug|Any CPU.ActiveCfg = Debug|Any CPU
		{9D634FE7-4179-4401-ADE6-8F0B7EED0375}.Debug|Any CPU.Build.0 = Debug|Any CPU
		{9D634FE7-4179-4401-ADE6-8F0B7EED0375}.Release|Any CPU.ActiveCfg = Release|Any CPU
		{9D634FE7-4179-4401-ADE6-8F0B7EED0375}.Release|Any CPU.Build.0 = Release|Any CPU
		{5A104457-1644-4E8F-AE3F-30C3E87B1BFD}.Debug|Any CPU.ActiveCfg = Debug|Any CPU
		{5A104457-1644-4E8F-AE3F-30C3E87B1BFD}.Debug|Any CPU.Build.0 = Debug|Any CPU
		{5A104457-1644-4E8F-AE3F-30C3E87B1BFD}.Release|Any CPU.ActiveCfg = Release|Any CPU
		{5A104457-1644-4E8F-AE3F-30C3E87B1BFD}.Release|Any CPU.Build.0 = Release|Any CPU
	EndGlobalSection
	GlobalSection(SolutionProperties) = preSolution
		HideSolutionNode = FALSE
	EndGlobalSection
	GlobalSection(ExtensibilityGlobals) = postSolution
		SolutionGuid = {DB0C441A-E816-45C0-8D51-D1AFC3133FE0}
	EndGlobalSection
EndGlobal
